// !$*UTF8*$!
{
	archiveVersion = 1;
	classes = {
	};
	objectVersion = 77;
	objects = {

/* Begin PBXBuildFile section */
		C6A71BE42D1C8A3D00D6C3F9 /* CalendarKit in Frameworks */ = {isa = PBXBuildFile; productRef = C6A71BE32D1C8A3D00D6C3F9 /* CalendarKit */; };
/* End PBXBuildFile section */

/* Begin PBXContainerItemProxy section */
		C60681152D0E4BD7001F8647 /* PBXContainerItemProxy */ = {
			isa = PBXContainerItemProxy;
			containerPortal = C60680F62D0E4BD5001F8647 /* Project object */;
			proxyType = 1;
			remoteGlobalIDString = C60680FD2D0E4BD5001F8647;
			remoteInfo = Yezhednevnik;
		};
		C606811F2D0E4BD7001F8647 /* PBXContainerItemProxy */ = {
			isa = PBXContainerItemProxy;
			containerPortal = C60680F62D0E4BD5001F8647 /* Project object */;
			proxyType = 1;
			remoteGlobalIDString = C60680FD2D0E4BD5001F8647;
			remoteInfo = Yezhednevnik;
		};
/* End PBXContainerItemProxy section */

/* Begin PBXFileReference section */
		C60680FE2D0E4BD5001F8647 /* Yezhednevnik.app */ = {isa = PBXFileReference; explicitFileType = wrapper.application; includeInIndex = 0; path = Yezhednevnik.app; sourceTree = BUILT_PRODUCTS_DIR; };
		C60681142D0E4BD7001F8647 /* YezhednevnikTests.xctest */ = {isa = PBXFileReference; explicitFileType = wrapper.cfbundle; includeInIndex = 0; path = YezhednevnikTests.xctest; sourceTree = BUILT_PRODUCTS_DIR; };
		C606811E2D0E4BD7001F8647 /* YezhednevnikUITests.xctest */ = {isa = PBXFileReference; explicitFileType = wrapper.cfbundle; includeInIndex = 0; path = YezhednevnikUITests.xctest; sourceTree = BUILT_PRODUCTS_DIR; };
/* End PBXFileReference section */

/* Begin PBXFileSystemSynchronizedBuildFileExceptionSet section */
		C60681262D0E4BD7001F8647 /* Exceptions for "Yezhednevnik" folder in "Yezhednevnik" target */ = {
			isa = PBXFileSystemSynchronizedBuildFileExceptionSet;
			membershipExceptions = (
				Info.plist,
			);
			target = C60680FD2D0E4BD5001F8647 /* Yezhednevnik */;
		};
/* End PBXFileSystemSynchronizedBuildFileExceptionSet section */

/* Begin PBXFileSystemSynchronizedRootGroup section */
		C60681002D0E4BD5001F8647 /* Yezhednevnik */ = {
			isa = PBXFileSystemSynchronizedRootGroup;
			exceptions = (
				C60681262D0E4BD7001F8647 /* Exceptions for "Yezhednevnik" folder in "Yezhednevnik" target */,
			);
			path = Yezhednevnik;
			sourceTree = "<group>";
		};
		C60681172D0E4BD7001F8647 /* YezhednevnikTests */ = {
			isa = PBXFileSystemSynchronizedRootGroup;
			path = YezhednevnikTests;
			sourceTree = "<group>";
		};
/* End PBXFileSystemSynchronizedRootGroup section */

/* Begin PBXFrameworksBuildPhase section */
		C60680FB2D0E4BD5001F8647 /* Frameworks */ = {
			isa = PBXFrameworksBuildPhase;
			buildActionMask = 2147483647;
			files = (
				C6A71BE42D1C8A3D00D6C3F9 /* CalendarKit in Frameworks */,
			);
			runOnlyForDeploymentPostprocessing = 0;
		};
		C60681112D0E4BD7001F8647 /* Frameworks */ = {
			isa = PBXFrameworksBuildPhase;
			buildActionMask = 2147483647;
			files = (
			);
			runOnlyForDeploymentPostprocessing = 0;
		};
		C606811B2D0E4BD7001F8647 /* Frameworks */ = {
			isa = PBXFrameworksBuildPhase;
			buildActionMask = 2147483647;
			files = (
			);
			runOnlyForDeploymentPostprocessing = 0;
		};
/* End PBXFrameworksBuildPhase section */

/* Begin PBXGroup section */
		C60680F52D0E4BD5001F8647 = {
			isa = PBXGroup;
			children = (
				C60681002D0E4BD5001F8647 /* Yezhednevnik */,
				C60681172D0E4BD7001F8647 /* YezhednevnikTests */,
				C60680FF2D0E4BD5001F8647 /* Products */,
			);
			sourceTree = "<group>";
		};
		C60680FF2D0E4BD5001F8647 /* Products */ = {
			isa = PBXGroup;
			children = (
				C60680FE2D0E4BD5001F8647 /* Yezhednevnik.app */,
				C60681142D0E4BD7001F8647 /* YezhednevnikTests.xctest */,
				C606811E2D0E4BD7001F8647 /* YezhednevnikUITests.xctest */,
			);
			name = Products;
			sourceTree = "<group>";
		};
/* End PBXGroup section */

/* Begin PBXNativeTarget section */
		C60680FD2D0E4BD5001F8647 /* Yezhednevnik */ = {
			isa = PBXNativeTarget;
			buildConfigurationList = C60681272D0E4BD7001F8647 /* Build configuration list for PBXNativeTarget "Yezhednevnik" */;
			buildPhases = (
				C60680FA2D0E4BD5001F8647 /* Sources */,
				C60680FB2D0E4BD5001F8647 /* Frameworks */,
				C60680FC2D0E4BD5001F8647 /* Resources */,
				C60681322D0E4C98001F8647 /* ShellScript */,
			);
			buildRules = (
			);
			dependencies = (
			);
			fileSystemSynchronizedGroups = (
				C60681002D0E4BD5001F8647 /* Yezhednevnik */,
			);
			name = Yezhednevnik;
			packageProductDependencies = (
				C6A71BE32D1C8A3D00D6C3F9 /* CalendarKit */,
			);
			productName = Yezhednevnik;
			productReference = C60680FE2D0E4BD5001F8647 /* Yezhednevnik.app */;
			productType = "com.apple.product-type.application";
		};
		C60681132D0E4BD7001F8647 /* YezhednevnikTests */ = {
			isa = PBXNativeTarget;
			buildConfigurationList = C606812C2D0E4BD7001F8647 /* Build configuration list for PBXNativeTarget "YezhednevnikTests" */;
			buildPhases = (
				C60681102D0E4BD7001F8647 /* Sources */,
				C60681112D0E4BD7001F8647 /* Frameworks */,
				C60681122D0E4BD7001F8647 /* Resources */,
			);
			buildRules = (
			);
			dependencies = (
				C60681162D0E4BD7001F8647 /* PBXTargetDependency */,
			);
			fileSystemSynchronizedGroups = (
				C60681172D0E4BD7001F8647 /* YezhednevnikTests */,
			);
			name = YezhednevnikTests;
			packageProductDependencies = (
			);
			productName = YezhednevnikTests;
			productReference = C60681142D0E4BD7001F8647 /* YezhednevnikTests.xctest */;
			productType = "com.apple.product-type.bundle.unit-test";
		};
		C606811D2D0E4BD7001F8647 /* YezhednevnikUITests */ = {
			isa = PBXNativeTarget;
			buildConfigurationList = C606812F2D0E4BD7001F8647 /* Build configuration list for PBXNativeTarget "YezhednevnikUITests" */;
			buildPhases = (
				C606811A2D0E4BD7001F8647 /* Sources */,
				C606811B2D0E4BD7001F8647 /* Frameworks */,
				C606811C2D0E4BD7001F8647 /* Resources */,
			);
			buildRules = (
			);
			dependencies = (
				C60681202D0E4BD7001F8647 /* PBXTargetDependency */,
			);
			name = YezhednevnikUITests;
			packageProductDependencies = (
			);
			productName = YezhednevnikUITests;
			productReference = C606811E2D0E4BD7001F8647 /* YezhednevnikUITests.xctest */;
			productType = "com.apple.product-type.bundle.ui-testing";
		};
/* End PBXNativeTarget section */

/* Begin PBXProject section */
		C60680F62D0E4BD5001F8647 /* Project object */ = {
			isa = PBXProject;
			attributes = {
				BuildIndependentTargetsInParallel = 1;
				LastSwiftUpdateCheck = 1620;
				LastUpgradeCheck = 1620;
				TargetAttributes = {
					C60680FD2D0E4BD5001F8647 = {
						CreatedOnToolsVersion = 16.2;
					};
					C60681132D0E4BD7001F8647 = {
						CreatedOnToolsVersion = 16.2;
						TestTargetID = C60680FD2D0E4BD5001F8647;
					};
					C606811D2D0E4BD7001F8647 = {
						CreatedOnToolsVersion = 16.2;
						TestTargetID = C60680FD2D0E4BD5001F8647;
					};
				};
			};
			buildConfigurationList = C60680F92D0E4BD5001F8647 /* Build configuration list for PBXProject "Yezhednevnik" */;
			developmentRegion = en;
			hasScannedForEncodings = 0;
			knownRegions = (
				en,
				Base,
			);
			mainGroup = C60680F52D0E4BD5001F8647;
			minimizedProjectReferenceProxies = 1;
			packageReferences = (
				C6A71BE22D1C88E200D6C3F9 /* XCRemoteSwiftPackageReference "CalendarKit" */,
			);
			preferredProjectObjectVersion = 77;
			productRefGroup = C60680FF2D0E4BD5001F8647 /* Products */;
			projectDirPath = "";
			projectRoot = "";
			targets = (
				C60680FD2D0E4BD5001F8647 /* Yezhednevnik */,
				C60681132D0E4BD7001F8647 /* YezhednevnikTests */,
				C606811D2D0E4BD7001F8647 /* YezhednevnikUITests */,
			);
		};
/* End PBXProject section */

/* Begin PBXResourcesBuildPhase section */
		C60680FC2D0E4BD5001F8647 /* Resources */ = {
			isa = PBXResourcesBuildPhase;
			buildActionMask = 2147483647;
			files = (
			);
			runOnlyForDeploymentPostprocessing = 0;
		};
		C60681122D0E4BD7001F8647 /* Resources */ = {
			isa = PBXResourcesBuildPhase;
			buildActionMask = 2147483647;
			files = (
			);
			runOnlyForDeploymentPostprocessing = 0;
		};
		C606811C2D0E4BD7001F8647 /* Resources */ = {
			isa = PBXResourcesBuildPhase;
			buildActionMask = 2147483647;
			files = (
			);
			runOnlyForDeploymentPostprocessing = 0;
		};
/* End PBXResourcesBuildPhase section */

/* Begin PBXShellScriptBuildPhase section */
		C60681322D0E4C98001F8647 /* ShellScript */ = {
			isa = PBXShellScriptBuildPhase;
			buildActionMask = 2147483647;
			files = (
			);
			inputFileListPaths = (
			);
			inputPaths = (
			);
			outputFileListPaths = (
			);
			outputPaths = (
			);
			runOnlyForDeploymentPostprocessing = 0;
			shellPath = /bin/sh;
			shellScript = "# Type a script or drag a script file from your workspace to insert its path.\n";
		};
/* End PBXShellScriptBuildPhase section */

/* Begin PBXSourcesBuildPhase section */
		C60680FA2D0E4BD5001F8647 /* Sources */ = {
			isa = PBXSourcesBuildPhase;
			buildActionMask = 2147483647;
			files = (
			);
			runOnlyForDeploymentPostprocessing = 0;
		};
		C60681102D0E4BD7001F8647 /* Sources */ = {
			isa = PBXSourcesBuildPhase;
			buildActionMask = 2147483647;
			files = (
			);
			runOnlyForDeploymentPostprocessing = 0;
		};
		C606811A2D0E4BD7001F8647 /* Sources */ = {
			isa = PBXSourcesBuildPhase;
			buildActionMask = 2147483647;
			files = (
			);
			runOnlyForDeploymentPostprocessing = 0;
		};
/* End PBXSourcesBuildPhase section */

/* Begin PBXTargetDependency section */
		C60681162D0E4BD7001F8647 /* PBXTargetDependency */ = {
			isa = PBXTargetDependency;
			target = C60680FD2D0E4BD5001F8647 /* Yezhednevnik */;
			targetProxy = C60681152D0E4BD7001F8647 /* PBXContainerItemProxy */;
		};
		C60681202D0E4BD7001F8647 /* PBXTargetDependency */ = {
			isa = PBXTargetDependency;
			target = C60680FD2D0E4BD5001F8647 /* Yezhednevnik */;
			targetProxy = C606811F2D0E4BD7001F8647 /* PBXContainerItemProxy */;
		};
/* End PBXTargetDependency section */

/* Begin XCBuildConfiguration section */
		C60681282D0E4BD7001F8647 /* Debug */ = {
			isa = XCBuildConfiguration;
			buildSettings = {
				ASSETCATALOG_COMPILER_APPICON_NAME = AppIcon;
				ASSETCATALOG_COMPILER_GLOBAL_ACCENT_COLOR_NAME = AccentColor;
				CODE_SIGN_STYLE = Automatic;
				CURRENT_PROJECT_VERSION = 1;
				GENERATE_INFOPLIST_FILE = YES;
				INFOPLIST_FILE = Yezhednevnik/Info.plist;
				INFOPLIST_KEY_NSCalendarsUsageDescription = "The app needs to the calendar to display events";
				INFOPLIST_KEY_UIApplicationSupportsIndirectInputEvents = YES;
				INFOPLIST_KEY_UILaunchStoryboardName = LaunchScreen;
				INFOPLIST_KEY_UISupportedInterfaceOrientations_iPad = "UIInterfaceOrientationPortrait UIInterfaceOrientationPortraitUpsideDown UIInterfaceOrientationLandscapeLeft UIInterfaceOrientationLandscapeRight";
				INFOPLIST_KEY_UISupportedInterfaceOrientations_iPhone = "UIInterfaceOrientationPortrait UIInterfaceOrientationLandscapeLeft UIInterfaceOrientationLandscapeRight";
				LD_RUNPATH_SEARCH_PATHS = (
					"$(inherited)",
					"@executable_path/Frameworks",
				);
				MARKETING_VERSION = 1.0;
				PRODUCT_BUNDLE_IDENTIFIER = "-968405.Yezhednevnik";
				PRODUCT_NAME = "$(TARGET_NAME)";
				SWIFT_EMIT_LOC_STRINGS = YES;
				SWIFT_VERSION = 5.0;
				TARGETED_DEVICE_FAMILY = "1,2";
			};
			name = Debug;
		};
		C60681292D0E4BD7001F8647 /* Release */ = {
			isa = XCBuildConfiguration;
			buildSettings = {
				ASSETCATALOG_COMPILER_APPICON_NAME = AppIcon;
				ASSETCATALOG_COMPILER_GLOBAL_ACCENT_COLOR_NAME = AccentColor;
				CODE_SIGN_STYLE = Automatic;
				CURRENT_PROJECT_VERSION = 1;
				GENERATE_INFOPLIST_FILE = YES;
				INFOPLIST_FILE = Yezhednevnik/Info.plist;
				INFOPLIST_KEY_NSCalendarsUsageDescription = "The app needs to the calendar to display events";
				INFOPLIST_KEY_UIApplicationSupportsIndirectInputEvents = YES;
				INFOPLIST_KEY_UILaunchStoryboardName = LaunchScreen;
				INFOPLIST_KEY_UISupportedInterfaceOrientations_iPad = "UIInterfaceOrientationPortrait UIInterfaceOrientationPortraitUpsideDown UIInterfaceOrientationLandscapeLeft UIInterfaceOrientationLandscapeRight";
				INFOPLIST_KEY_UISupportedInterfaceOrientations_iPhone = "UIInterfaceOrientationPortrait UIInterfaceOrientationLandscapeLeft UIInterfaceOrientationLandscapeRight";
				LD_RUNPATH_SEARCH_PATHS = (
					"$(inherited)",
					"@executable_path/Frameworks",
				);
				MARKETING_VERSION = 1.0;
				PRODUCT_BUNDLE_IDENTIFIER = "-968405.Yezhednevnik";
				PRODUCT_NAME = "$(TARGET_NAME)";
				SWIFT_EMIT_LOC_STRINGS = YES;
				SWIFT_VERSION = 5.0;
				TARGETED_DEVICE_FAMILY = "1,2";
			};
			name = Release;
		};
		C606812A2D0E4BD7001F8647 /* Debug */ = {
			isa = XCBuildConfiguration;
			buildSettings = {
				ALWAYS_SEARCH_USER_PATHS = NO;
				ASSETCATALOG_COMPILER_GENERATE_SWIFT_ASSET_SYMBOL_EXTENSIONS = YES;
				CLANG_ANALYZER_NONNULL = YES;
				CLANG_ANALYZER_NUMBER_OBJECT_CONVERSION = YES_AGGRESSIVE;
				CLANG_CXX_LANGUAGE_STANDARD = "gnu++20";
				CLANG_ENABLE_MODULES = YES;
				CLANG_ENABLE_OBJC_ARC = YES;
				CLANG_ENABLE_OBJC_WEAK = YES;
				CLANG_WARN_BLOCK_CAPTURE_AUTORELEASING = YES;
				CLANG_WARN_BOOL_CONVERSION = YES;
				CLANG_WARN_COMMA = YES;
				CLANG_WARN_CONSTANT_CONVERSION = YES;
				CLANG_WARN_DEPRECATED_OBJC_IMPLEMENTATIONS = YES;
				CLANG_WARN_DIRECT_OBJC_ISA_USAGE = YES_ERROR;
				CLANG_WARN_DOCUMENTATION_COMMENTS = YES;
				CLANG_WARN_EMPTY_BODY = YES;
				CLANG_WARN_ENUM_CONVERSION = YES;
				CLANG_WARN_INFINITE_RECURSION = YES;
				CLANG_WARN_INT_CONVERSION = YES;
				CLANG_WARN_NON_LITERAL_NULL_CONVERSION = YES;
				CLANG_WARN_OBJC_IMPLICIT_RETAIN_SELF = YES;
				CLANG_WARN_OBJC_LITERAL_CONVERSION = YES;
				CLANG_WARN_OBJC_ROOT_CLASS = YES_ERROR;
				CLANG_WARN_QUOTED_INCLUDE_IN_FRAMEWORK_HEADER = YES;
				CLANG_WARN_RANGE_LOOP_ANALYSIS = YES;
				CLANG_WARN_STRICT_PROTOTYPES = YES;
				CLANG_WARN_SUSPICIOUS_MOVE = YES;
				CLANG_WARN_UNGUARDED_AVAILABILITY = YES_AGGRESSIVE;
				CLANG_WARN_UNREACHABLE_CODE = YES;
				CLANG_WARN__DUPLICATE_METHOD_MATCH = YES;
				COPY_PHASE_STRIP = NO;
				DEBUG_INFORMATION_FORMAT = dwarf;
				ENABLE_STRICT_OBJC_MSGSEND = YES;
				ENABLE_TESTABILITY = YES;
				ENABLE_USER_SCRIPT_SANDBOXING = YES;
				GCC_C_LANGUAGE_STANDARD = gnu17;
				GCC_DYNAMIC_NO_PIC = NO;
				GCC_NO_COMMON_BLOCKS = YES;
				GCC_OPTIMIZATION_LEVEL = 0;
				GCC_PREPROCESSOR_DEFINITIONS = (
					"DEBUG=1",
					"$(inherited)",
				);
				GCC_WARN_64_TO_32_BIT_CONVERSION = YES;
				GCC_WARN_ABOUT_RETURN_TYPE = YES_ERROR;
				GCC_WARN_UNDECLARED_SELECTOR = YES;
				GCC_WARN_UNINITIALIZED_AUTOS = YES_AGGRESSIVE;
				GCC_WARN_UNUSED_FUNCTION = YES;
				GCC_WARN_UNUSED_VARIABLE = YES;
				IPHONEOS_DEPLOYMENT_TARGET = 18.2;
				LOCALIZATION_PREFERS_STRING_CATALOGS = YES;
				MTL_ENABLE_DEBUG_INFO = INCLUDE_SOURCE;
				MTL_FAST_MATH = YES;
				ONLY_ACTIVE_ARCH = YES;
				SDKROOT = iphoneos;
				SWIFT_ACTIVE_COMPILATION_CONDITIONS = "DEBUG $(inherited)";
				SWIFT_OPTIMIZATION_LEVEL = "-Onone";
			};
			name = Debug;
		};
		C606812B2D0E4BD7001F8647 /* Release */ = {
			isa = XCBuildConfiguration;
			buildSettings = {
				ALWAYS_SEARCH_USER_PATHS = NO;
				ASSETCATALOG_COMPILER_GENERATE_SWIFT_ASSET_SYMBOL_EXTENSIONS = YES;
				CLANG_ANALYZER_NONNULL = YES;
				CLANG_ANALYZER_NUMBER_OBJECT_CONVERSION = YES_AGGRESSIVE;
				CLANG_CXX_LANGUAGE_STANDARD = "gnu++20";
				CLANG_ENABLE_MODULES = YES;
				CLANG_ENABLE_OBJC_ARC = YES;
				CLANG_ENABLE_OBJC_WEAK = YES;
				CLANG_WARN_BLOCK_CAPTURE_AUTORELEASING = YES;
				CLANG_WARN_BOOL_CONVERSION = YES;
				CLANG_WARN_COMMA = YES;
				CLANG_WARN_CONSTANT_CONVERSION = YES;
				CLANG_WARN_DEPRECATED_OBJC_IMPLEMENTATIONS = YES;
				CLANG_WARN_DIRECT_OBJC_ISA_USAGE = YES_ERROR;
				CLANG_WARN_DOCUMENTATION_COMMENTS = YES;
				CLANG_WARN_EMPTY_BODY = YES;
				CLANG_WARN_ENUM_CONVERSION = YES;
				CLANG_WARN_INFINITE_RECURSION = YES;
				CLANG_WARN_INT_CONVERSION = YES;
				CLANG_WARN_NON_LITERAL_NULL_CONVERSION = YES;
				CLANG_WARN_OBJC_IMPLICIT_RETAIN_SELF = YES;
				CLANG_WARN_OBJC_LITERAL_CONVERSION = YES;
				CLANG_WARN_OBJC_ROOT_CLASS = YES_ERROR;
				CLANG_WARN_QUOTED_INCLUDE_IN_FRAMEWORK_HEADER = YES;
				CLANG_WARN_RANGE_LOOP_ANALYSIS = YES;
				CLANG_WARN_STRICT_PROTOTYPES = YES;
				CLANG_WARN_SUSPICIOUS_MOVE = YES;
				CLANG_WARN_UNGUARDED_AVAILABILITY = YES_AGGRESSIVE;
				CLANG_WARN_UNREACHABLE_CODE = YES;
				CLANG_WARN__DUPLICATE_METHOD_MATCH = YES;
				COPY_PHASE_STRIP = NO;
				DEBUG_INFORMATION_FORMAT = "dwarf-with-dsym";
				ENABLE_NS_ASSERTIONS = NO;
				ENABLE_STRICT_OBJC_MSGSEND = YES;
				ENABLE_USER_SCRIPT_SANDBOXING = YES;
				GCC_C_LANGUAGE_STANDARD = gnu17;
				GCC_NO_COMMON_BLOCKS = YES;
				GCC_WARN_64_TO_32_BIT_CONVERSION = YES;
				GCC_WARN_ABOUT_RETURN_TYPE = YES_ERROR;
				GCC_WARN_UNDECLARED_SELECTOR = YES;
				GCC_WARN_UNINITIALIZED_AUTOS = YES_AGGRESSIVE;
				GCC_WARN_UNUSED_FUNCTION = YES;
				GCC_WARN_UNUSED_VARIABLE = YES;
				IPHONEOS_DEPLOYMENT_TARGET = 18.2;
				LOCALIZATION_PREFERS_STRING_CATALOGS = YES;
				MTL_ENABLE_DEBUG_INFO = NO;
				MTL_FAST_MATH = YES;
				SDKROOT = iphoneos;
				SWIFT_COMPILATION_MODE = wholemodule;
				VALIDATE_PRODUCT = YES;
			};
			name = Release;
		};
		C606812D2D0E4BD7001F8647 /* Debug */ = {
			isa = XCBuildConfiguration;
			buildSettings = {
				BUNDLE_LOADER = "$(TEST_HOST)";
				CODE_SIGN_STYLE = Automatic;
				CURRENT_PROJECT_VERSION = 1;
				GENERATE_INFOPLIST_FILE = YES;
				IPHONEOS_DEPLOYMENT_TARGET = 18.2;
				MARKETING_VERSION = 1.0;
				PRODUCT_BUNDLE_IDENTIFIER = "-968405.YezhednevnikTests";
				PRODUCT_NAME = "$(TARGET_NAME)";
				SWIFT_EMIT_LOC_STRINGS = NO;
				SWIFT_VERSION = 5.0;
				TARGETED_DEVICE_FAMILY = "1,2";
				TEST_HOST = "$(BUILT_PRODUCTS_DIR)/Yezhednevnik.app/$(BUNDLE_EXECUTABLE_FOLDER_PATH)/Yezhednevnik";
			};
			name = Debug;
		};
		C606812E2D0E4BD7001F8647 /* Release */ = {
			isa = XCBuildConfiguration;
			buildSettings = {
				BUNDLE_LOADER = "$(TEST_HOST)";
				CODE_SIGN_STYLE = Automatic;
				CURRENT_PROJECT_VERSION = 1;
				GENERATE_INFOPLIST_FILE = YES;
				IPHONEOS_DEPLOYMENT_TARGET = 18.2;
				MARKETING_VERSION = 1.0;
				PRODUCT_BUNDLE_IDENTIFIER = "-968405.YezhednevnikTests";
				PRODUCT_NAME = "$(TARGET_NAME)";
				SWIFT_EMIT_LOC_STRINGS = NO;
				SWIFT_VERSION = 5.0;
				TARGETED_DEVICE_FAMILY = "1,2";
				TEST_HOST = "$(BUILT_PRODUCTS_DIR)/Yezhednevnik.app/$(BUNDLE_EXECUTABLE_FOLDER_PATH)/Yezhednevnik";
			};
			name = Release;
		};
		C60681302D0E4BD7001F8647 /* Debug */ = {
			isa = XCBuildConfiguration;
			buildSettings = {
				CODE_SIGN_STYLE = Automatic;
				CURRENT_PROJECT_VERSION = 1;
				GENERATE_INFOPLIST_FILE = YES;
				MARKETING_VERSION = 1.0;
				PRODUCT_BUNDLE_IDENTIFIER = "-968405.YezhednevnikUITests";
				PRODUCT_NAME = "$(TARGET_NAME)";
				SWIFT_EMIT_LOC_STRINGS = NO;
				SWIFT_VERSION = 5.0;
				TARGETED_DEVICE_FAMILY = "1,2";
				TEST_TARGET_NAME = Yezhednevnik;
			};
			name = Debug;
		};
		C60681312D0E4BD7001F8647 /* Release */ = {
			isa = XCBuildConfiguration;
			buildSettings = {
				CODE_SIGN_STYLE = Automatic;
				CURRENT_PROJECT_VERSION = 1;
				GENERATE_INFOPLIST_FILE = YES;
				MARKETING_VERSION = 1.0;
				PRODUCT_BUNDLE_IDENTIFIER = "-968405.YezhednevnikUITests";
				PRODUCT_NAME = "$(TARGET_NAME)";
				SWIFT_EMIT_LOC_STRINGS = NO;
				SWIFT_VERSION = 5.0;
				TARGETED_DEVICE_FAMILY = "1,2";
				TEST_TARGET_NAME = Yezhednevnik;
			};
			name = Release;
		};
/* End XCBuildConfiguration section */

/* Begin XCConfigurationList section */
		C60680F92D0E4BD5001F8647 /* Build configuration list for PBXProject "Yezhednevnik" */ = {
			isa = XCConfigurationList;
			buildConfigurations = (
				C606812A2D0E4BD7001F8647 /* Debug */,
				C606812B2D0E4BD7001F8647 /* Release */,
			);
			defaultConfigurationIsVisible = 0;
			defaultConfigurationName = Release;
		};
		C60681272D0E4BD7001F8647 /* Build configuration list for PBXNativeTarget "Yezhednevnik" */ = {
			isa = XCConfigurationList;
			buildConfigurations = (
				C60681282D0E4BD7001F8647 /* Debug */,
				C60681292D0E4BD7001F8647 /* Release */,
			);
			defaultConfigurationIsVisible = 0;
			defaultConfigurationName = Release;
		};
		C606812C2D0E4BD7001F8647 /* Build configuration list for PBXNativeTarget "YezhednevnikTests" */ = {
			isa = XCConfigurationList;
			buildConfigurations = (
				C606812D2D0E4BD7001F8647 /* Debug */,
				C606812E2D0E4BD7001F8647 /* Release */,
			);
			defaultConfigurationIsVisible = 0;
			defaultConfigurationName = Release;
		};
		C606812F2D0E4BD7001F8647 /* Build configuration list for PBXNativeTarget "YezhednevnikUITests" */ = {
			isa = XCConfigurationList;
			buildConfigurations = (
				C60681302D0E4BD7001F8647 /* Debug */,
				C60681312D0E4BD7001F8647 /* Release */,
			);
			defaultConfigurationIsVisible = 0;
			defaultConfigurationName = Release;
		};
/* End XCConfigurationList section */

/* Begin XCRemoteSwiftPackageReference section */
		C6A71BE22D1C88E200D6C3F9 /* XCRemoteSwiftPackageReference "CalendarKit" */ = {
			isa = XCRemoteSwiftPackageReference;
			repositoryURL = "https://github.com/richardtop/CalendarKit.git";
			requirement = {
				kind = upToNextMajorVersion;
				minimumVersion = 1.1.11;
			};
		};
/* End XCRemoteSwiftPackageReference section */

/* Begin XCSwiftPackageProductDependency section */
		C6A71BE32D1C8A3D00D6C3F9 /* CalendarKit */ = {
			isa = XCSwiftPackageProductDependency;
			package = C6A71BE22D1C88E200D6C3F9 /* XCRemoteSwiftPackageReference "CalendarKit" */;
			productName = CalendarKit;
		};
/* End XCSwiftPackageProductDependency section */
	};
	rootObject = C60680F62D0E4BD5001F8647 /* Project object */;
}
